
Microsoft Visual Studio Solution File, Format Version 12.00
# Visual Studio Version 17
VisualStudioVersion = 17.10.35027.167
MinimumVisualStudioVersion = 10.0.40219.1
Project("{9A19103F-16F7-4668-BE54-9A1E7A4F7556}") = "WebAPI", "CourseAPI\WebAPI.csproj", "{5C8F8E22-8075-49AF-8E17-0ACB5C1E4AE1}"
EndProject
Project("{FAE04EC0-301F-11D3-BF4B-00C04F79EFBC}") = "Entities", "Entities\Entities.csproj", "{F7F20213-A869-41EE-A873-9493B952DAAC}"
EndProject
Project("{FAE04EC0-301F-11D3-BF4B-00C04F79EFBC}") = "Repositories", "Repositories\Repositories.csproj", "{ED00E33E-C3AA-4787-946B-A37F762CA055}"
EndProject
Project("{FAE04EC0-301F-11D3-BF4B-00C04F79EFBC}") = "Services", "Services\Services.csproj", "{2F9FA8C6-5DB7-4CB2-818C-946A81ABE363}"
EndProject
Project("{FAE04EC0-301F-11D3-BF4B-00C04F79EFBC}") = "Presantation", "Presantation\Presantation.csproj", "{B5081A4C-C6E4-4AAF-A4C1-F20CBA28B7AA}"
EndProject
Global
	GlobalSection(SolutionConfigurationPlatforms) = preSolution
		Debug|Any CPU = Debug|Any CPU
		Release|Any CPU = Release|Any CPU
	EndGlobalSection
	GlobalSection(ProjectConfigurationPlatforms) = postSolution
		{5C8F8E22-8075-49AF-8E17-0ACB5C1E4AE1}.Debug|Any CPU.ActiveCfg = Debug|Any CPU
		{5C8F8E22-8075-49AF-8E17-0ACB5C1E4AE1}.Debug|Any CPU.Build.0 = Debug|Any CPU
		{5C8F8E22-8075-49AF-8E17-0ACB5C1E4AE1}.Release|Any CPU.ActiveCfg = Release|Any CPU
		{5C8F8E22-8075-49AF-8E17-0ACB5C1E4AE1}.Release|Any CPU.Build.0 = Release|Any CPU
		{F7F20213-A869-41EE-A873-9493B952DAAC}.Debug|Any CPU.ActiveCfg = Debug|Any CPU
		{F7F20213-A869-41EE-A873-9493B952DAAC}.Debug|Any CPU.Build.0 = Debug|Any CPU
		{F7F20213-A869-41EE-A873-9493B952DAAC}.Release|Any CPU.ActiveCfg = Release|Any CPU
		{F7F20213-A869-41EE-A873-9493B952DAAC}.Release|Any CPU.Build.0 = Release|Any CPU
		{ED00E33E-C3AA-4787-946B-A37F762CA055}.Debug|Any CPU.ActiveCfg = Debug|Any CPU
		{ED00E33E-C3AA-4787-946B-A37F762CA055}.Debug|Any CPU.Build.0 = Debug|Any CPU
		{ED00E33E-C3AA-4787-946B-A37F762CA055}.Release|Any CPU.ActiveCfg = Release|Any CPU
		{ED00E33E-C3AA-4787-946B-A37F762CA055}.Release|Any CPU.Build.0 = Release|Any CPU
		{2F9FA8C6-5DB7-4CB2-818C-946A81ABE363}.Debug|Any CPU.ActiveCfg = Debug|Any CPU
		{2F9FA8C6-5DB7-4CB2-818C-946A81ABE363}.Debug|Any CPU.Build.0 = Debug|Any CPU
		{2F9FA8C6-5DB7-4CB2-818C-946A81ABE363}.Release|Any CPU.ActiveCfg = Release|Any CPU
		{2F9FA8C6-5DB7-4CB2-818C-946A81ABE363}.Release|Any CPU.Build.0 = Release|Any CPU
		{B5081A4C-C6E4-4AAF-A4C1-F20CBA28B7AA}.Debug|Any CPU.ActiveCfg = Debug|Any CPU
		{B5081A4C-C6E4-4AAF-A4C1-F20CBA28B7AA}.Debug|Any CPU.Build.0 = Debug|Any CPU
		{B5081A4C-C6E4-4AAF-A4C1-F20CBA28B7AA}.Release|Any CPU.ActiveCfg = Release|Any CPU
		{B5081A4C-C6E4-4AAF-A4C1-F20CBA28B7AA}.Release|Any CPU.Build.0 = Release|Any CPU
	EndGlobalSection
	GlobalSection(SolutionProperties) = preSolution
		HideSolutionNode = FALSE
	EndGlobalSection
	GlobalSection(ExtensibilityGlobals) = postSolution
		SolutionGuid = {115869E9-2935-4393-9B42-5BA7F0EE2978}
	EndGlobalSection
EndGlobal
